
Microsoft Visual Studio Solution File, Format Version 12.00
# Visual Studio Version 16
VisualStudioVersion = 16.0.30503.244
MinimumVisualStudioVersion = 10.0.40219.1
Project("{E24C65DC-7377-472B-9ABA-BC803B73C61A}") = "carnavaldasaguas", ".", "{F938DC95-5849-4B3B-87D7-419B244CCD4E}"
	ProjectSection(WebsiteProperties) = preProject
		TargetFrameworkMoniker = ".NETFramework,Version%3Dv4.0"
		Debug.AspNetCompiler.VirtualPath = "/localhost_52915"
		Debug.AspNetCompiler.PhysicalPath = "..\..\..\Documents\DOC BKP\projetoNacuia\novos_templates\carnavaldasaguas\"
		Debug.AspNetCompiler.TargetPath = "PrecompiledWeb\localhost_52915\"
		Debug.AspNetCompiler.Updateable = "true"
		Debug.AspNetCompiler.ForceOverwrite = "true"
		Debug.AspNetCompiler.FixedNames = "false"
		Debug.AspNetCompiler.Debug = "True"
		Release.AspNetCompiler.VirtualPath = "/localhost_52915"
		Release.AspNetCompiler.PhysicalPath = "..\..\..\Documents\DOC BKP\projetoNacuia\novos_templates\carnavaldasaguas\"
		Release.AspNetCompiler.TargetPath = "PrecompiledWeb\localhost_52915\"
		Release.AspNetCompiler.Updateable = "true"
		Release.AspNetCompiler.ForceOverwrite = "true"
		Release.AspNetCompiler.FixedNames = "false"
		Release.AspNetCompiler.Debug = "False"
		VWDPort = "52915"
	EndProjectSection
EndProject
Global
	GlobalSection(SolutionConfigurationPlatforms) = preSolution
		Debug|Any CPU = Debug|Any CPU
	EndGlobalSection
	GlobalSection(ProjectConfigurationPlatforms) = postSolution
		{F938DC95-5849-4B3B-87D7-419B244CCD4E}.Debug|Any CPU.ActiveCfg = Debug|Any CPU
		{F938DC95-5849-4B3B-87D7-419B244CCD4E}.Debug|Any CPU.Build.0 = Debug|Any CPU
	EndGlobalSection
	GlobalSection(SolutionProperties) = preSolution
		HideSolutionNode = FALSE
	EndGlobalSection
	GlobalSection(ExtensibilityGlobals) = postSolution
		SolutionGuid = {51EDF6FB-9122-4919-9A7C-DCB32901E6DA}
	EndGlobalSection
EndGlobal
